
Microsoft Visual Studio Solution File, Format Version 11.00
# Visual Basic Express 2010
Project("{F184B08F-C81C-45F6-A57F-5ABD9991F28F}") = "craps", "craps\craps.vbproj", "{F238AE8B-8E74-4C57-B907-8EF197B75290}"
EndProject
Global
	GlobalSection(SolutionConfigurationPlatforms) = preSolution
		Debug|x86 = Debug|x86
		Release|x86 = Release|x86
	EndGlobalSection
	GlobalSection(ProjectConfigurationPlatforms) = postSolution
		{F238AE8B-8E74-4C57-B907-8EF197B75290}.Debug|x86.ActiveCfg = Debug|x86
		{F238AE8B-8E74-4C57-B907-8EF197B75290}.Debug|x86.Build.0 = Debug|x86
		{F238AE8B-8E74-4C57-B907-8EF197B75290}.Release|x86.ActiveCfg = Release|x86
		{F238AE8B-8E74-4C57-B907-8EF197B75290}.Release|x86.Build.0 = Release|x86
	EndGlobalSection
	GlobalSection(SolutionProperties) = preSolution
		HideSolutionNode = FALSE
	EndGlobalSection
EndGlobal
